<?xml version="1.0" encoding="UTF-8"?>
<Scheme
   LastUpgradeVersion = "1130"
   version = "1.7">
   <BuildAction
      parallelizeBuildables = "YES"
      buildImplicitDependencies = "YES">
      <PostActions>
         <ExecutionAction
            ActionType = "Xcode.IDEStandardExecutionActionsCore.ExecutionActionType.ShellScriptAction">
            <ActionContent
               title = "Run Script"
               scriptText = "# Type a script or drag a script file from your workspace to insert its path.&#10;&#10;echo &quot;??????????&quot;&#10;&#10;echo $PODS_ROOT&#10;echo $WORKSPACE&#10;echo $DWARF_DSYM_FILE_NAME&#10;&#10;&quot;$PODS_ROOT/FirebaseCrashlytics/upload-symbols -gsp $WORKSPACE/GoogleService-Info.plist&quot; -p ios $DWARF_DSYM_FILE_NAME&quot;&#10;&#10;echo &quot;!!!!!!!!!&quot;&#10;&#10;&#10;">
            </ActionContent>
         </ExecutionAction>
      </PostActions>
      <BuildActionEntries>
         <BuildActionEntry
            buildForTesting = "YES"
            buildForRunning = "YES"
            buildForProfiling = "YES"
            buildForArchiving = "YES"
            buildForAnalyzing = "YES">
            <BuildableReference
               BuildableIdentifier = "primary"
               BlueprintIdentifier = "13B07F861A680F5B00A75B9A"
               BuildableName = "Gifter.app"
               BlueprintName = "gifter"
               ReferencedContainer = "container:gifter.xcodeproj">
            </BuildableReference>
         </BuildActionEntry>
      </BuildActionEntries>
   </BuildAction>
   <TestAction
      buildConfiguration = "Debug"
      selectedDebuggerIdentifier = "Xcode.DebuggerFoundation.Debugger.LLDB"
      selectedLauncherIdentifier = "Xcode.DebuggerFoundation.Launcher.LLDB"
      shouldUseLaunchSchemeArgsEnv = "YES">
      <Testables>
         <TestableReference
            skipped = "NO">
            <BuildableReference
               BuildableIdentifier = "primary"
               BlueprintIdentifier = "00E356ED1AD99517003FC87E"
               BuildableName = "gifterTests.xctest"
               BlueprintName = "gifterTests"
               ReferencedContainer = "container:gifter.xcodeproj">
            </BuildableReference>
         </TestableReference>
      </Testables>
   </TestAction>
   <LaunchAction
      buildConfiguration = "Debug"
      selectedDebuggerIdentifier = "Xcode.DebuggerFoundation.Debugger.LLDB"
      selectedLauncherIdentifier = "Xcode.DebuggerFoundation.Launcher.LLDB"
      launchStyle = "0"
      useCustomWorkingDirectory = "NO"
      ignoresPersistentStateOnLaunch = "NO"
      debugDocumentVersioning = "YES"
      debugServiceExtension = "internal"
      allowLocationSimulation = "YES">
      <PostActions>
         <ExecutionAction
            ActionType = "Xcode.IDEStandardExecutionActionsCore.ExecutionActionType.ShellScriptAction">
            <ActionContent
               title = "Run Script"
               scriptText = "# Type a script or drag a script file from your workspace to insert its path.&#10;# Type a script or drag a script file from your workspace to insert its path.&#10;&#10;echo &quot;??????????&quot;&#10;&#10;echo $PODS_ROOT&#10;echo $WORKSPACE&#10;echo $DWARF_DSYM_FILE_NAME&#10;&#10;&quot;$PODS_ROOT/FirebaseCrashlytics/upload-symbols -gsp $WORKSPACE/GoogleService-Info.plist&quot; -p ios $DWARF_DSYM_FILE_NAME&quot;&#10;&#10;echo &quot;!!!!!!!!!&quot;&#10;&#10;&#10;">
            </ActionContent>
         </ExecutionAction>
      </PostActions>
      <BuildableProductRunnable
         runnableDebuggingMode = "0">
         <BuildableReference
            BuildableIdentifier = "primary"
            BlueprintIdentifier = "13B07F861A680F5B00A75B9A"
            BuildableName = "Gifter.app"
            BlueprintName = "gifter"
            ReferencedContainer = "container:gifter.xcodeproj">
         </BuildableReference>
      </BuildableProductRunnable>
      <CommandLineArguments>
         <CommandLineArgument
            argument = "FIRAnalyticsDebugEnabled"
            isEnabled = "YES">
         </CommandLineArgument>
         <CommandLineArgument
            argument = "FIRDebugEnabled"
            isEnabled = "YES">
         </CommandLineArgument>
      </CommandLineArguments>
   </LaunchAction>
   <ProfileAction
      buildConfiguration = "Release"
      shouldUseLaunchSchemeArgsEnv = "YES"
      savedToolIdentifier = ""
      useCustomWorkingDirectory = "NO"
      debugDocumentVersioning = "YES">
      <BuildableProductRunnable
         runnableDebuggingMode = "0">
         <BuildableReference
            BuildableIdentifier = "primary"
            BlueprintIdentifier = "13B07F861A680F5B00A75B9A"
            BuildableName = "Gifter.app"
            BlueprintName = "gifter"
            ReferencedContainer = "container:gifter.xcodeproj">
         </BuildableReference>
      </BuildableProductRunnable>
   </ProfileAction>
   <AnalyzeAction
      buildConfiguration = "Debug">
   </AnalyzeAction>
   <ArchiveAction
      buildConfiguration = "Release"
      revealArchiveInOrganizer = "YES">
      <PostActions>
         <ExecutionAction
            ActionType = "Xcode.IDEStandardExecutionActionsCore.ExecutionActionType.ShellScriptAction">
            <ActionContent
               title = "Run Script"
               scriptText = "# Type a script or drag a script file from your workspace to insert its path.&#10;&#10;&#10;echo $PODS_ROOT&#10;echo $WORKSPACE&#10;echo $DWARF_DSYM_FILE_NAME&#10;&#10;&quot;$PODS_ROOT/FirebaseCrashlytics/upload-symbols -gsp $WORKSPACE/GoogleService-Info.plist&quot; -p ios $DWARF_DSYM_FILE_NAME&quot;&#10;&#10;&#10;&#10;&#10;"
               shellToInvoke = "/bin/sh">
               <EnvironmentBuildable>
                  <BuildableReference
                     BuildableIdentifier = "primary"
                     BlueprintIdentifier = "13B07F861A680F5B00A75B9A"
                     BuildableName = "Gifter.app"
                     BlueprintName = "gifter"
                     ReferencedContainer = "container:gifter.xcodeproj">
                  </BuildableReference>
               </EnvironmentBuildable>
            </ActionContent>
         </ExecutionAction>
      </PostActions>
   </ArchiveAction>
</Scheme>
